
Microsoft Visual Studio Solution File, Format Version 12.00
# Visual Studio Version 17
VisualStudioVersion = 17.0.31912.275
MinimumVisualStudioVersion = 10.0.40219.1
Project("{FAE04EC0-301F-11D3-BF4B-00C04F79EFBC}") = "LaserWebClient", "LaserWebClient\src\LaserWebClient\LaserWebClient.csproj", "{4F4464A1-AF07-4BE9-AE08-75CDF477953F}"
EndProject
Project("{FAE04EC0-301F-11D3-BF4B-00C04F79EFBC}") = "LaserWebClient.Tests", "LaserWebClient\src\LaserWebClient.Tests\LaserWebClient.Tests.csproj", "{5859AF3B-6D3A-468B-9D60-C99CE8A254BA}"
EndProject
Global
	GlobalSection(SolutionConfigurationPlatforms) = preSolution
		Debug|Any CPU = Debug|Any CPU
		Release|Any CPU = Release|Any CPU
	EndGlobalSection
	GlobalSection(ProjectConfigurationPlatforms) = postSolution
		{4F4464A1-AF07-4BE9-AE08-75CDF477953F}.Debug|Any CPU.ActiveCfg = Debug|Any CPU
		{4F4464A1-AF07-4BE9-AE08-75CDF477953F}.Debug|Any CPU.Build.0 = Debug|Any CPU
		{4F4464A1-AF07-4BE9-AE08-75CDF477953F}.Release|Any CPU.ActiveCfg = Release|Any CPU
		{4F4464A1-AF07-4BE9-AE08-75CDF477953F}.Release|Any CPU.Build.0 = Release|Any CPU
		{5859AF3B-6D3A-468B-9D60-C99CE8A254BA}.Debug|Any CPU.ActiveCfg = Debug|Any CPU
		{5859AF3B-6D3A-468B-9D60-C99CE8A254BA}.Debug|Any CPU.Build.0 = Debug|Any CPU
		{5859AF3B-6D3A-468B-9D60-C99CE8A254BA}.Release|Any CPU.ActiveCfg = Release|Any CPU
		{5859AF3B-6D3A-468B-9D60-C99CE8A254BA}.Release|Any CPU.Build.0 = Release|Any CPU
	EndGlobalSection
	GlobalSection(SolutionProperties) = preSolution
		HideSolutionNode = FALSE
	EndGlobalSection
	GlobalSection(ExtensibilityGlobals) = postSolution
		SolutionGuid = {DAA61CE3-F5B5-47FB-8209-82242F7A54E9}
	EndGlobalSection
EndGlobal
